
Microsoft Visual Studio Solution File, Format Version 12.00
# Visual Studio 15
VisualStudioVersion = 15.0.27703.2000
MinimumVisualStudioVersion = 10.0.40219.1
Project("{FAE04EC0-301F-11D3-BF4B-00C04F79EFBC}") = "eProjectSemester3_1", "eProjectSemester3_1\eProjectSemester3_1.csproj", "{FD3F7A4B-FFCC-4C3B-9B17-869FB88BC264}"
EndProject
Global
	GlobalSection(SolutionConfigurationPlatforms) = preSolution
		Debug|Any CPU = Debug|Any CPU
		Release|Any CPU = Release|Any CPU
	EndGlobalSection
	GlobalSection(ProjectConfigurationPlatforms) = postSolution
		{FD3F7A4B-FFCC-4C3B-9B17-869FB88BC264}.Debug|Any CPU.ActiveCfg = Debug|Any CPU
		{FD3F7A4B-FFCC-4C3B-9B17-869FB88BC264}.Debug|Any CPU.Build.0 = Debug|Any CPU
		{FD3F7A4B-FFCC-4C3B-9B17-869FB88BC264}.Release|Any CPU.ActiveCfg = Release|Any CPU
		{FD3F7A4B-FFCC-4C3B-9B17-869FB88BC264}.Release|Any CPU.Build.0 = Release|Any CPU
	EndGlobalSection
	GlobalSection(SolutionProperties) = preSolution
		HideSolutionNode = FALSE
	EndGlobalSection
	GlobalSection(ExtensibilityGlobals) = postSolution
		SolutionGuid = {4A89775C-CAEC-476A-B2AA-F949543E68FD}
	EndGlobalSection
EndGlobal
